
Microsoft Visual Studio Solution File, Format Version 11.00
# Visual Studio 2010
Project("{FAE04EC0-301F-11D3-BF4B-00C04F79EFBC}") = "Yerko Orellana Abello - Prueba 4", "Yerko Orellana Abello - Prueba 4\Yerko Orellana Abello - Prueba 4.csproj", "{C839B2D6-CBB7-4045-9631-B092B18F4BAB}"
EndProject
Global
	GlobalSection(SolutionConfigurationPlatforms) = preSolution
		Debug|Any CPU = Debug|Any CPU
		Release|Any CPU = Release|Any CPU
	EndGlobalSection
	GlobalSection(ProjectConfigurationPlatforms) = postSolution
		{C839B2D6-CBB7-4045-9631-B092B18F4BAB}.Debug|Any CPU.ActiveCfg = Debug|Any CPU
		{C839B2D6-CBB7-4045-9631-B092B18F4BAB}.Debug|Any CPU.Build.0 = Debug|Any CPU
		{C839B2D6-CBB7-4045-9631-B092B18F4BAB}.Release|Any CPU.ActiveCfg = Release|Any CPU
		{C839B2D6-CBB7-4045-9631-B092B18F4BAB}.Release|Any CPU.Build.0 = Release|Any CPU
	EndGlobalSection
	GlobalSection(SolutionProperties) = preSolution
		HideSolutionNode = FALSE
	EndGlobalSection
EndGlobal
